// !$*UTF8*$!
{
	archiveVersion = 1;
	classes = {
	};
	objectVersion = 50;
	objects = {

/* Begin PBXBuildFile section */
		13226CCE2405249F0003A045 /* AppDelegate.m in Sources */ = {isa = PBXBuildFile; fileRef = 13226CCD2405249F0003A045 /* AppDelegate.m */; };
		13226CD12405249F0003A045 /* SceneDelegate.m in Sources */ = {isa = PBXBuildFile; fileRef = 13226CD02405249F0003A045 /* SceneDelegate.m */; };
		13226CD42405249F0003A045 /* ViewController.m in Sources */ = {isa = PBXBuildFile; fileRef = 13226CD32405249F0003A045 /* ViewController.m */; };
		13226CD72405249F0003A045 /* Main.storyboard in Resources */ = {isa = PBXBuildFile; fileRef = 13226CD52405249F0003A045 /* Main.storyboard */; };
		13226CDA2405249F0003A045 /* LFS_demo.xcdatamodeld in Sources */ = {isa = PBXBuildFile; fileRef = 13226CD82405249F0003A045 /* LFS_demo.xcdatamodeld */; };
		13226CDC240524A30003A045 /* Assets.xcassets in Resources */ = {isa = PBXBuildFile; fileRef = 13226CDB240524A30003A045 /* Assets.xcassets */; };
		13226CDF240524A30003A045 /* LaunchScreen.storyboard in Resources */ = {isa = PBXBuildFile; fileRef = 13226CDD240524A30003A045 /* LaunchScreen.storyboard */; };
		13226CE2240524A30003A045 /* main.m in Sources */ = {isa = PBXBuildFile; fileRef = 13226CE1240524A30003A045 /* main.m */; };
/* End PBXBuildFile section */

/* Begin PBXFileReference section */
		13226CC92405249F0003A045 /* LFS_demo.app */ = {isa = PBXFileReference; explicitFileType = wrapper.application; includeInIndex = 0; path = LFS_demo.app; sourceTree = BUILT_PRODUCTS_DIR; };
		13226CCC2405249F0003A045 /* AppDelegate.h */ = {isa = PBXFileReference; lastKnownFileType = sourcecode.c.h; path = AppDelegate.h; sourceTree = "<group>"; };
		13226CCD2405249F0003A045 /* AppDelegate.m */ = {isa = PBXFileReference; lastKnownFileType = sourcecode.c.objc; path = AppDelegate.m; sourceTree = "<group>"; };
		13226CCF2405249F0003A045 /* SceneDelegate.h */ = {isa = PBXFileReference; lastKnownFileType = sourcecode.c.h; path = SceneDelegate.h; sourceTree = "<group>"; };
		13226CD02405249F0003A045 /* SceneDelegate.m */ = {isa = PBXFileReference; lastKnownFileType = sourcecode.c.objc; path = SceneDelegate.m; sourceTree = "<group>"; };
		13226CD22405249F0003A045 /* ViewController.h */ = {isa = PBXFileReference; lastKnownFileType = sourcecode.c.h; path = ViewController.h; sourceTree = "<group>"; };
		13226CD32405249F0003A045 /* ViewController.m */ = {isa = PBXFileReference; lastKnownFileType = sourcecode.c.objc; path = ViewController.m; sourceTree = "<group>"; };
		13226CD62405249F0003A045 /* Base */ = {isa = PBXFileReference; lastKnownFileType = file.storyboard; name = Base; path = Base.lproj/Main.storyboard; sourceTree = "<group>"; };
		13226CD92405249F0003A045 /* LFS_demo.xcdatamodel */ = {isa = PBXFileReference; lastKnownFileType = wrapper.xcdatamodel; path = LFS_demo.xcdatamodel; sourceTree = "<group>"; };
		13226CDB240524A30003A045 /* Assets.xcassets */ = {isa = PBXFileReference; lastKnownFileType = folder.assetcatalog; path = Assets.xcassets; sourceTree = "<group>"; };
		13226CDE240524A30003A045 /* Base */ = {isa = PBXFileReference; lastKnownFileType = file.storyboard; name = Base; path = Base.lproj/LaunchScreen.storyboard; sourceTree = "<group>"; };
		13226CE0240524A30003A045 /* Info.plist */ = {isa = PBXFileReference; lastKnownFileType = text.plist.xml; path = Info.plist; sourceTree = "<group>"; };
		13226CE1240524A30003A045 /* main.m */ = {isa = PBXFileReference; lastKnownFileType = sourcecode.c.objc; path = main.m; sourceTree = "<group>"; };
/* End PBXFileReference section */

/* Begin PBXFrameworksBuildPhase section */
		13226CC62405249F0003A045 /* Frameworks */ = {
			isa = PBXFrameworksBuildPhase;
			buildActionMask = 2147483647;
			files = (
			);
			runOnlyForDeploymentPostprocessing = 0;
		};
/* End PBXFrameworksBuildPhase section */

/* Begin PBXGroup section */
		13226CC02405249F0003A045 = {
			isa = PBXGroup;
			children = (
				13226CCB2405249F0003A045 /* LFS_demo */,
				13226CCA2405249F0003A045 /* Products */,
			);
			sourceTree = "<group>";
		};
		13226CCA2405249F0003A045 /* Products */ = {
			isa = PBXGroup;
			children = (
				13226CC92405249F0003A045 /* LFS_demo.app */,
			);
			name = Products;
			sourceTree = "<group>";
		};
		13226CCB2405249F0003A045 /* LFS_demo */ = {
			isa = PBXGroup;
			children = (
				13226CCC2405249F0003A045 /* AppDelegate.h */,
				13226CCD2405249F0003A045 /* AppDelegate.m */,
				13226CCF2405249F0003A045 /* SceneDelegate.h */,
				13226CD02405249F0003A045 /* SceneDelegate.m */,
				13226CD22405249F0003A045 /* ViewController.h */,
				13226CD32405249F0003A045 /* ViewController.m */,
				13226CD52405249F0003A045 /* Main.storyboard */,
				13226CDB240524A30003A045 /* Assets.xcassets */,
				13226CDD240524A30003A045 /* LaunchScreen.storyboard */,
				13226CE0240524A30003A045 /* Info.plist */,
				13226CE1240524A30003A045 /* main.m */,
				13226CD82405249F0003A045 /* LFS_demo.xcdatamodeld */,
			);
			path = LFS_demo;
			sourceTree = "<group>";
		};
/* End PBXGroup section */

/* Begin PBXNativeTarget section */
		13226CC82405249F0003A045 /* LFS_demo */ = {
			isa = PBXNativeTarget;
			buildConfigurationList = 13226CE5240524A30003A045 /* Build configuration list for PBXNativeTarget "LFS_demo" */;
			buildPhases = (
				13226CC52405249F0003A045 /* Sources */,
				13226CC62405249F0003A045 /* Frameworks */,
				13226CC72405249F0003A045 /* Resources */,
			);
			buildRules = (
			);
			dependencies = (
			);
			name = LFS_demo;
			productName = LFS_demo;
			productReference = 13226CC92405249F0003A045 /* LFS_demo.app */;
			productType = "com.apple.product-type.application";
		};
/* End PBXNativeTarget section */

/* Begin PBXProject section */
		13226CC12405249F0003A045 /* Project object */ = {
			isa = PBXProject;
			attributes = {
				LastUpgradeCheck = 1130;
				ORGANIZATIONNAME = pst;
				TargetAttributes = {
					13226CC82405249F0003A045 = {
						CreatedOnToolsVersion = 11.3;
					};
				};
			};
			buildConfigurationList = 13226CC42405249F0003A045 /* Build configuration list for PBXProject "LFS_demo" */;
			compatibilityVersion = "Xcode 9.3";
			developmentRegion = en;
			hasScannedForEncodings = 0;
			knownRegions = (
				en,
				Base,
			);
			mainGroup = 13226CC02405249F0003A045;
			productRefGroup = 13226CCA2405249F0003A045 /* Products */;
			projectDirPath = "";
			projectRoot = "";
			targets = (
				13226CC82405249F0003A045 /* LFS_demo */,
			);
		};
/* End PBXProject section */

/* Begin PBXResourcesBuildPhase section */
		13226CC72405249F0003A045 /* Resources */ = {
			isa = PBXResourcesBuildPhase;
			buildActionMask = 2147483647;
			files = (
				13226CDF240524A30003A045 /* LaunchScreen.storyboard in Resources */,
				13226CDC240524A30003A045 /* Assets.xcassets in Resources */,
				13226CD72405249F0003A045 /* Main.storyboard in Resources */,
			);
			runOnlyForDeploymentPostprocessing = 0;
		};
/* End PBXResourcesBuildPhase section */

/* Begin PBXSourcesBuildPhase section */
		13226CC52405249F0003A045 /* Sources */ = {
			isa = PBXSourcesBuildPhase;
			buildActionMask = 2147483647;
			files = (
				13226CE2240524A30003A045 /* main.m in Sources */,
				13226CD42405249F0003A045 /* ViewController.m in Sources */,
				13226CCE2405249F0003A045 /* AppDelegate.m in Sources */,
				13226CDA2405249F0003A045 /* LFS_demo.xcdatamodeld in Sources */,
				13226CD12405249F0003A045 /* SceneDelegate.m in Sources */,
			);
			runOnlyForDeploymentPostprocessing = 0;
		};
/* End PBXSourcesBuildPhase section */

/* Begin PBXVariantGroup section */
		13226CD52405249F0003A045 /* Main.storyboard */ = {
			isa = PBXVariantGroup;
			children = (
				13226CD62405249F0003A045 /* Base */,
			);
			name = Main.storyboard;
			sourceTree = "<group>";
		};
		13226CDD240524A30003A045 /* LaunchScreen.storyboard */ = {
			isa = PBXVariantGroup;
			children = (
				13226CDE240524A30003A045 /* Base */,
			);
			name = LaunchScreen.storyboard;
			sourceTree = "<group>";
		};
/* End PBXVariantGroup section */

/* Begin XCBuildConfiguration section */
		13226CE3240524A30003A045 /* Debug */ = {
			isa = XCBuildConfiguration;
			buildSettings = {
				ALWAYS_SEARCH_USER_PATHS = NO;
				CLANG_ANALYZER_NONNULL = YES;
				CLANG_ANALYZER_NUMBER_OBJECT_CONVERSION = YES_AGGRESSIVE;
				CLANG_CXX_LANGUAGE_STANDARD = "gnu++14";
				CLANG_CXX_LIBRARY = "libc++";
				CLANG_ENABLE_MODULES = YES;
				CLANG_ENABLE_OBJC_ARC = YES;
				CLANG_ENABLE_OBJC_WEAK = YES;
				CLANG_WARN_BLOCK_CAPTURE_AUTORELEASING = YES;
				CLANG_WARN_BOOL_CONVERSION = YES;
				CLANG_WARN_COMMA = YES;
				CLANG_WARN_CONSTANT_CONVERSION = YES;
				CLANG_WARN_DEPRECATED_OBJC_IMPLEMENTATIONS = YES;
				CLANG_WARN_DIRECT_OBJC_ISA_USAGE = YES_ERROR;
				CLANG_WARN_DOCUMENTATION_COMMENTS = YES;
				CLANG_WARN_EMPTY_BODY = YES;
				CLANG_WARN_ENUM_CONVERSION = YES;
				CLANG_WARN_INFINITE_RECURSION = YES;
				CLANG_WARN_INT_CONVERSION = YES;
				CLANG_WARN_NON_LITERAL_NULL_CONVERSION = YES;
				CLANG_WARN_OBJC_IMPLICIT_RETAIN_SELF = YES;
				CLANG_WARN_OBJC_LITERAL_CONVERSION = YES;
				CLANG_WARN_OBJC_ROOT_CLASS = YES_ERROR;
				CLANG_WARN_RANGE_LOOP_ANALYSIS = YES;
				CLANG_WARN_STRICT_PROTOTYPES = YES;
				CLANG_WARN_SUSPICIOUS_MOVE = YES;
				CLANG_WARN_UNGUARDED_AVAILABILITY = YES_AGGRESSIVE;
				CLANG_WARN_UNREACHABLE_CODE = YES;
				CLANG_WARN__DUPLICATE_METHOD_MATCH = YES;
				COPY_PHASE_STRIP = NO;
				DEBUG_INFORMATION_FORMAT = dwarf;
				ENABLE_STRICT_OBJC_MSGSEND = YES;
				ENABLE_TESTABILITY = YES;
				GCC_C_LANGUAGE_STANDARD = gnu11;
				GCC_DYNAMIC_NO_PIC = NO;
				GCC_NO_COMMON_BLOCKS = YES;
				GCC_OPTIMIZATION_LEVEL = 0;
				GCC_PREPROCESSOR_DEFINITIONS = (
					"DEBUG=1",
					"$(inherited)",
				);
				GCC_WARN_64_TO_32_BIT_CONVERSION = YES;
				GCC_WARN_ABOUT_RETURN_TYPE = YES_ERROR;
				GCC_WARN_UNDECLARED_SELECTOR = YES;
				GCC_WARN_UNINITIALIZED_AUTOS = YES_AGGRESSIVE;
				GCC_WARN_UNUSED_FUNCTION = YES;
				GCC_WARN_UNUSED_VARIABLE = YES;
				IPHONEOS_DEPLOYMENT_TARGET = 13.2;
				MTL_ENABLE_DEBUG_INFO = INCLUDE_SOURCE;
				MTL_FAST_MATH = YES;
				ONLY_ACTIVE_ARCH = YES;
				SDKROOT = iphoneos;
			};
			name = Debug;
		};
		13226CE4240524A30003A045 /* Release */ = {
			isa = XCBuildConfiguration;
			buildSettings = {
				ALWAYS_SEARCH_USER_PATHS = NO;
				CLANG_ANALYZER_NONNULL = YES;
				CLANG_ANALYZER_NUMBER_OBJECT_CONVERSION = YES_AGGRESSIVE;
				CLANG_CXX_LANGUAGE_STANDARD = "gnu++14";
				CLANG_CXX_LIBRARY = "libc++";
				CLANG_ENABLE_MODULES = YES;
				CLANG_ENABLE_OBJC_ARC = YES;
				CLANG_ENABLE_OBJC_WEAK = YES;
				CLANG_WARN_BLOCK_CAPTURE_AUTORELEASING = YES;
				CLANG_WARN_BOOL_CONVERSION = YES;
				CLANG_WARN_COMMA = YES;
				CLANG_WARN_CONSTANT_CONVERSION = YES;
				CLANG_WARN_DEPRECATED_OBJC_IMPLEMENTATIONS = YES;
				CLANG_WARN_DIRECT_OBJC_ISA_USAGE = YES_ERROR;
				CLANG_WARN_DOCUMENTATION_COMMENTS = YES;
				CLANG_WARN_EMPTY_BODY = YES;
				CLANG_WARN_ENUM_CONVERSION = YES;
				CLANG_WARN_INFINITE_RECURSION = YES;
				CLANG_WARN_INT_CONVERSION = YES;
				CLANG_WARN_NON_LITERAL_NULL_CONVERSION = YES;
				CLANG_WARN_OBJC_IMPLICIT_RETAIN_SELF = YES;
				CLANG_WARN_OBJC_LITERAL_CONVERSION = YES;
				CLANG_WARN_OBJC_ROOT_CLASS = YES_ERROR;
				CLANG_WARN_RANGE_LOOP_ANALYSIS = YES;
				CLANG_WARN_STRICT_PROTOTYPES = YES;
				CLANG_WARN_SUSPICIOUS_MOVE = YES;
				CLANG_WARN_UNGUARDED_AVAILABILITY = YES_AGGRESSIVE;
				CLANG_WARN_UNREACHABLE_CODE = YES;
				CLANG_WARN__DUPLICATE_METHOD_MATCH = YES;
				COPY_PHASE_STRIP = NO;
				DEBUG_INFORMATION_FORMAT = "dwarf-with-dsym";
				ENABLE_NS_ASSERTIONS = NO;
				ENABLE_STRICT_OBJC_MSGSEND = YES;
				GCC_C_LANGUAGE_STANDARD = gnu11;
				GCC_NO_COMMON_BLOCKS = YES;
				GCC_WARN_64_TO_32_BIT_CONVERSION = YES;
				GCC_WARN_ABOUT_RETURN_TYPE = YES_ERROR;
				GCC_WARN_UNDECLARED_SELECTOR = YES;
				GCC_WARN_UNINITIALIZED_AUTOS = YES_AGGRESSIVE;
				GCC_WARN_UNUSED_FUNCTION = YES;
				GCC_WARN_UNUSED_VARIABLE = YES;
				IPHONEOS_DEPLOYMENT_TARGET = 13.2;
				MTL_ENABLE_DEBUG_INFO = NO;
				MTL_FAST_MATH = YES;
				SDKROOT = iphoneos;
				VALIDATE_PRODUCT = YES;
			};
			name = Release;
		};
		13226CE6240524A30003A045 /* Debug */ = {
			isa = XCBuildConfiguration;
			buildSettings = {
				ASSETCATALOG_COMPILER_APPICON_NAME = AppIcon;
				CODE_SIGN_STYLE = Automatic;
				DEVELOPMENT_TEAM = 5785DZ2W9F;
				INFOPLIST_FILE = LFS_demo/Info.plist;
				LD_RUNPATH_SEARCH_PATHS = (
					"$(inherited)",
					"@executable_path/Frameworks",
				);
				PRODUCT_BUNDLE_IDENTIFIER = "pst.LFS-demo";
				PRODUCT_NAME = "$(TARGET_NAME)";
				TARGETED_DEVICE_FAMILY = "1,2";
			};
			name = Debug;
		};
		13226CE7240524A30003A045 /* Release */ = {
			isa = XCBuildConfiguration;
			buildSettings = {
				ASSETCATALOG_COMPILER_APPICON_NAME = AppIcon;
				CODE_SIGN_STYLE = Automatic;
				DEVELOPMENT_TEAM = 5785DZ2W9F;
				INFOPLIST_FILE = LFS_demo/Info.plist;
				LD_RUNPATH_SEARCH_PATHS = (
					"$(inherited)",
					"@executable_path/Frameworks",
				);
				PRODUCT_BUNDLE_IDENTIFIER = "pst.LFS-demo";
				PRODUCT_NAME = "$(TARGET_NAME)";
				TARGETED_DEVICE_FAMILY = "1,2";
			};
			name = Release;
		};
/* End XCBuildConfiguration section */

/* Begin XCConfigurationList section */
		13226CC42405249F0003A045 /* Build configuration list for PBXProject "LFS_demo" */ = {
			isa = XCConfigurationList;
			buildConfigurations = (
				13226CE3240524A30003A045 /* Debug */,
				13226CE4240524A30003A045 /* Release */,
			);
			defaultConfigurationIsVisible = 0;
			defaultConfigurationName = Release;
		};
		13226CE5240524A30003A045 /* Build configuration list for PBXNativeTarget "LFS_demo" */ = {
			isa = XCConfigurationList;
			buildConfigurations = (
				13226CE6240524A30003A045 /* Debug */,
				13226CE7240524A30003A045 /* Release */,
			);
			defaultConfigurationIsVisible = 0;
			defaultConfigurationName = Release;
		};
/* End XCConfigurationList section */

/* Begin XCVersionGroup section */
		13226CD82405249F0003A045 /* LFS_demo.xcdatamodeld */ = {
			isa = XCVersionGroup;
			children = (
				13226CD92405249F0003A045 /* LFS_demo.xcdatamodel */,
			);
			currentVersion = 13226CD92405249F0003A045 /* LFS_demo.xcdatamodel */;
			path = LFS_demo.xcdatamodeld;
			sourceTree = "<group>";
			versionGroupType = wrapper.xcdatamodel;
		};
/* End XCVersionGroup section */
	};
	rootObject = 13226CC12405249F0003A045 /* Project object */;
}
